
Microsoft Visual Studio Solution File, Format Version 12.00
# Visual Studio 15
VisualStudioVersion = 15.0.27004.2010
MinimumVisualStudioVersion = 10.0.40219.1
Project("{FAE04EC0-301F-11D3-BF4B-00C04F79EFBC}") = "TrieLib", "TrieLib.csproj", "{C7768698-9296-4A17-A580-E69F1CCE24AF}"
EndProject
Project("{FAE04EC0-301F-11D3-BF4B-00C04F79EFBC}") = "TrieLib.Tests", "..\TrieLib.Tests\TrieLib.Tests.csproj", "{8893381D-34E4-4A37-9117-670B2F562407}"
EndProject
Global
	GlobalSection(SolutionConfigurationPlatforms) = preSolution
		Debug|Any CPU = Debug|Any CPU
		Release|Any CPU = Release|Any CPU
	EndGlobalSection
	GlobalSection(ProjectConfigurationPlatforms) = postSolution
		{C7768698-9296-4A17-A580-E69F1CCE24AF}.Debug|Any CPU.ActiveCfg = Debug|Any CPU
		{C7768698-9296-4A17-A580-E69F1CCE24AF}.Debug|Any CPU.Build.0 = Debug|Any CPU
		{C7768698-9296-4A17-A580-E69F1CCE24AF}.Release|Any CPU.ActiveCfg = Release|Any CPU
		{C7768698-9296-4A17-A580-E69F1CCE24AF}.Release|Any CPU.Build.0 = Release|Any CPU
		{8893381D-34E4-4A37-9117-670B2F562407}.Debug|Any CPU.ActiveCfg = Debug|Any CPU
		{8893381D-34E4-4A37-9117-670B2F562407}.Debug|Any CPU.Build.0 = Debug|Any CPU
		{8893381D-34E4-4A37-9117-670B2F562407}.Release|Any CPU.ActiveCfg = Release|Any CPU
		{8893381D-34E4-4A37-9117-670B2F562407}.Release|Any CPU.Build.0 = Release|Any CPU
	EndGlobalSection
	GlobalSection(SolutionProperties) = preSolution
		HideSolutionNode = FALSE
	EndGlobalSection
	GlobalSection(ExtensibilityGlobals) = postSolution
		SolutionGuid = {B244B453-05A6-4AA1-A364-E219F3026DE7}
	EndGlobalSection
EndGlobal
